
Microsoft Visual Studio Solution File, Format Version 12.00
# Visual Studio 2013
VisualStudioVersion = 12.0.31101.0
MinimumVisualStudioVersion = 10.0.40219.1
Project("{FAE04EC0-301F-11D3-BF4B-00C04F79EFBC}") = "Fezitor", "Fezitor\Fezitor.csproj", "{55488792-C044-4ADF-BCC1-8EB942FB0384}"
EndProject
Project("{FAE04EC0-301F-11D3-BF4B-00C04F79EFBC}") = "Fezitor.Interface", "Fezitor.Interface\Fezitor.Interface.csproj", "{05670513-1DB6-4085-8FE6-F99967C707F6}"
EndProject
Project("{FAE04EC0-301F-11D3-BF4B-00C04F79EFBC}") = "Fezitor.Test", "Fezitor.Test\Fezitor.Test.csproj", "{07770E60-7019-486D-923B-824ED0EE8264}"
EndProject
Global
	GlobalSection(SolutionConfigurationPlatforms) = preSolution
		Debug|Any CPU = Debug|Any CPU
		Release|Any CPU = Release|Any CPU
	EndGlobalSection
	GlobalSection(ProjectConfigurationPlatforms) = postSolution
		{55488792-C044-4ADF-BCC1-8EB942FB0384}.Debug|Any CPU.ActiveCfg = Debug|Any CPU
		{55488792-C044-4ADF-BCC1-8EB942FB0384}.Debug|Any CPU.Build.0 = Debug|Any CPU
		{55488792-C044-4ADF-BCC1-8EB942FB0384}.Release|Any CPU.ActiveCfg = Release|Any CPU
		{55488792-C044-4ADF-BCC1-8EB942FB0384}.Release|Any CPU.Build.0 = Release|Any CPU
		{05670513-1DB6-4085-8FE6-F99967C707F6}.Debug|Any CPU.ActiveCfg = Debug|Any CPU
		{05670513-1DB6-4085-8FE6-F99967C707F6}.Debug|Any CPU.Build.0 = Debug|Any CPU
		{05670513-1DB6-4085-8FE6-F99967C707F6}.Release|Any CPU.ActiveCfg = Release|Any CPU
		{05670513-1DB6-4085-8FE6-F99967C707F6}.Release|Any CPU.Build.0 = Release|Any CPU
		{07770E60-7019-486D-923B-824ED0EE8264}.Debug|Any CPU.ActiveCfg = Debug|Any CPU
		{07770E60-7019-486D-923B-824ED0EE8264}.Debug|Any CPU.Build.0 = Debug|Any CPU
		{07770E60-7019-486D-923B-824ED0EE8264}.Release|Any CPU.ActiveCfg = Release|Any CPU
		{07770E60-7019-486D-923B-824ED0EE8264}.Release|Any CPU.Build.0 = Release|Any CPU
	EndGlobalSection
	GlobalSection(SolutionProperties) = preSolution
		HideSolutionNode = FALSE
	EndGlobalSection
EndGlobal
